
Microsoft Visual Studio Solution File, Format Version 12.00
# Visual Studio Version 16
VisualStudioVersion = 16.0.30114.105
MinimumVisualStudioVersion = 10.0.40219.1
Project("{2150E333-8FDC-42A3-9474-1A3956D46DE8}") = "src", "src", "{A9CAEF81-7DF4-4E1B-BBA4-C908E40747A9}"
EndProject
Project("{F2A71F9B-5D33-465A-A702-920D77279786}") = "Library", "src\Library\Library.fsproj", "{8BBD669F-D00F-4779-BA70-EEE6642CE3EE}"
EndProject
Project("{F2A71F9B-5D33-465A-A702-920D77279786}") = "App", "src\App\App.fsproj", "{1BCDD352-229E-454E-A4DA-2ED7710F6A3C}"
EndProject
Global
	GlobalSection(SolutionConfigurationPlatforms) = preSolution
		Debug|Any CPU = Debug|Any CPU
		Release|Any CPU = Release|Any CPU
	EndGlobalSection
	GlobalSection(SolutionProperties) = preSolution
		HideSolutionNode = FALSE
	EndGlobalSection
	GlobalSection(ProjectConfigurationPlatforms) = postSolution
		{8BBD669F-D00F-4779-BA70-EEE6642CE3EE}.Debug|Any CPU.ActiveCfg = Debug|Any CPU
		{8BBD669F-D00F-4779-BA70-EEE6642CE3EE}.Debug|Any CPU.Build.0 = Debug|Any CPU
		{8BBD669F-D00F-4779-BA70-EEE6642CE3EE}.Release|Any CPU.ActiveCfg = Release|Any CPU
		{8BBD669F-D00F-4779-BA70-EEE6642CE3EE}.Release|Any CPU.Build.0 = Release|Any CPU
		{1BCDD352-229E-454E-A4DA-2ED7710F6A3C}.Debug|Any CPU.ActiveCfg = Debug|Any CPU
		{1BCDD352-229E-454E-A4DA-2ED7710F6A3C}.Debug|Any CPU.Build.0 = Debug|Any CPU
		{1BCDD352-229E-454E-A4DA-2ED7710F6A3C}.Release|Any CPU.ActiveCfg = Release|Any CPU
		{1BCDD352-229E-454E-A4DA-2ED7710F6A3C}.Release|Any CPU.Build.0 = Release|Any CPU
	EndGlobalSection
	GlobalSection(NestedProjects) = preSolution
		{8BBD669F-D00F-4779-BA70-EEE6642CE3EE} = {A9CAEF81-7DF4-4E1B-BBA4-C908E40747A9}
		{1BCDD352-229E-454E-A4DA-2ED7710F6A3C} = {A9CAEF81-7DF4-4E1B-BBA4-C908E40747A9}
	EndGlobalSection
EndGlobal
